version = 1

[requested]
fingerprint = "d001ebac75d3897f33c311e66d2fb479908f69cf85423cca711ad2b1bb456155"

[[requested.dependencies]]
id = "dep:55441003b6a0d0b9aef75156910eb53f50c3b270c9e76a62566940c45172135c"
kind = "native"
version = "0.1.0"
source_kind = "oci"
source = "ghcr.io/yieldspace/imago/experimental-gpio"
declared_requires = []

[[resolved.dependencies]]
request_id = "dep:55441003b6a0d0b9aef75156910eb53f50c3b270c9e76a62566940c45172135c"
resolved_name = "imago:experimental-gpio"
resolved_version = "0.1.0"
wit_path = "wit/deps/imago-experimental-gpio-0.1.0"
wit_tree_digest = "a8c94d050c2b4fccd40bb4b4cecbb4118c5a221f0d2b0b62d24caaefb5aaf1ef"
requires_request_ids = []

[[resolved.packages]]
package_ref = "wasi:io@0.2.6#"
name = "wasi:io"
version = "0.2.6"
requirement = "=0.2.6"
source = "ghcr.io/wasi/io"
path = "wit/deps/wasi-io-0.2.6"
digest = "sha256:235d688e3599460ea744d8e64ed12a8c8a09b1076c5f19bd7bdd00a7edd96e5b"

[[resolved.package_edges]]
from_kind = "dependency"
from_ref = "dep:55441003b6a0d0b9aef75156910eb53f50c3b270c9e76a62566940c45172135c"
to_package_ref = "wasi:io@0.2.6#"
reason = "wit-import"
