version = 1

[requested]
fingerprint = "4530305ba5b270c2b388674099833e0308450691249c322cb8ada426b244fa02"

[[requested.dependencies]]
id = "dep:99d544eea2a4df901754c86437747b517c0a9dc3c07ccb6dfd51e0eb22c4a34d"
kind = "native"
version = "0.2.0"
source_kind = "oci"
source = "ghcr.io/yieldspace/imago/usb"
declared_requires = []

[[resolved.dependencies]]
request_id = "dep:99d544eea2a4df901754c86437747b517c0a9dc3c07ccb6dfd51e0eb22c4a34d"
resolved_name = "imago:usb"
resolved_version = "0.2.0"
wit_path = "wit/deps/imago-usb-0.2.0"
wit_tree_digest = "68d50c61a971f9dc18e7da98023fb6546dca56f4b4744648a5959bc6bef570f7"
requires_request_ids = []
